{
  "name": "openclaw-reminders",
  "version": "0.2.2",
  "lockfileVersion": 3,
  "requires": true,
  "packages": {
    "": {
      "name": "openclaw-reminders",
      "version": "0.2.2",
      "hasInstallScript": true,
      "license": "MIT",
      "bin": {
        "openclaw-reminders": "bin/openclaw-reminders"
      },
      "engines": {
        "node": ">=22"
      }
    }
  }
}
